
Microsoft Visual Studio Solution File, Format Version 12.00
# Visual Studio Version 17
VisualStudioVersion = 17.1.32421.90
MinimumVisualStudioVersion = 10.0.40219.1
Project("{FAE04EC0-301F-11D3-BF4B-00C04F79EFBC}") = "Module01_Activity02.Android", "Module01_Activity02\Module01_Activity02.Android\Module01_Activity02.Android.csproj", "{2BD9ACE4-8A87-4408-BDA9-891334B836B0}"
EndProject
Project("{FAE04EC0-301F-11D3-BF4B-00C04F79EFBC}") = "Module01_Activity02", "Module01_Activity02\Module01_Activity02\Module01_Activity02.csproj", "{2F5F5F91-C46D-4707-8865-63931EBB9D9A}"
EndProject
Global
	GlobalSection(SolutionConfigurationPlatforms) = preSolution
		Debug|Any CPU = Debug|Any CPU
		Release|Any CPU = Release|Any CPU
	EndGlobalSection
	GlobalSection(ProjectConfigurationPlatforms) = postSolution
		{2BD9ACE4-8A87-4408-BDA9-891334B836B0}.Debug|Any CPU.ActiveCfg = Debug|Any CPU
		{2BD9ACE4-8A87-4408-BDA9-891334B836B0}.Debug|Any CPU.Build.0 = Debug|Any CPU
		{2BD9ACE4-8A87-4408-BDA9-891334B836B0}.Debug|Any CPU.Deploy.0 = Debug|Any CPU
		{2BD9ACE4-8A87-4408-BDA9-891334B836B0}.Release|Any CPU.ActiveCfg = Release|Any CPU
		{2BD9ACE4-8A87-4408-BDA9-891334B836B0}.Release|Any CPU.Build.0 = Release|Any CPU
		{2BD9ACE4-8A87-4408-BDA9-891334B836B0}.Release|Any CPU.Deploy.0 = Release|Any CPU
		{2F5F5F91-C46D-4707-8865-63931EBB9D9A}.Debug|Any CPU.ActiveCfg = Debug|Any CPU
		{2F5F5F91-C46D-4707-8865-63931EBB9D9A}.Debug|Any CPU.Build.0 = Debug|Any CPU
		{2F5F5F91-C46D-4707-8865-63931EBB9D9A}.Debug|Any CPU.Deploy.0 = Debug|Any CPU
		{2F5F5F91-C46D-4707-8865-63931EBB9D9A}.Release|Any CPU.ActiveCfg = Release|Any CPU
		{2F5F5F91-C46D-4707-8865-63931EBB9D9A}.Release|Any CPU.Build.0 = Release|Any CPU
		{2F5F5F91-C46D-4707-8865-63931EBB9D9A}.Release|Any CPU.Deploy.0 = Release|Any CPU
	EndGlobalSection
	GlobalSection(SolutionProperties) = preSolution
		HideSolutionNode = FALSE
	EndGlobalSection
	GlobalSection(ExtensibilityGlobals) = postSolution
		SolutionGuid = {A1563098-1279-46DC-AAE7-44DE2E769782}
	EndGlobalSection
EndGlobal
